dependencies:
  espressif/esp-nn:
    component_hash: 41b0ab49a5a5c88fc7331d76fc5cc58d1ec3e356ff42ea9cb88270daf415ffef
    dependencies:
    - name: idf
      require: private
      version: '>=5.1'
    source:
      registry_url: https://components.espressif.com/
      type: service
    version: 1.3.2
  espressif/esp-tflite-micro:
    component_hash: 1ce00c44af2362d48b5c0eefc5fcc60fa54d84db332c80005ae324556f4df0db
    dependencies:
    - name: espressif/esp-nn
      registry_url: https://components.espressif.com
      require: private
      version: '>=1.1.1'
    - name: idf
      require: private
      version: '>=5.1'
    source:
      registry_url: https://components.espressif.com/
      type: service
    version: 1.4.0
  idf:
    source:
      type: idf
    version: 6.0.2
  joltwallet/littlefs:
    component_hash: 3af20a3d75c49db9dc2286fd50862c34055c9f578419ad1f2bf7ed3ed01391fe
    dependencies:
    - name: idf
      require: private
      version: '>=5.0'
    source:
      registry_url: https://components.espressif.com/
      type: service
    version: 1.22.3
direct_dependencies:
- espressif/esp-nn
- espressif/esp-tflite-micro
- idf
- joltwallet/littlefs
manifest_hash: 765b2ed3c7cbc408db6d394cfb8566c3d1f0ab1abc6a67fbdae8a9f3882b3c98
target: esp32s3
version: 3.0.0
